
Microsoft Visual Studio Solution File, Format Version 12.00
# Visual Studio 15
VisualStudioVersion = 15.0.28307.1082
MinimumVisualStudioVersion = 10.0.40219.1
Project("{FAE04EC0-301F-11D3-BF4B-00C04F79EFBC}") = "Deliveries", "Deliveries\Deliveries.csproj", "{54E9DD83-4776-4CAD-9379-11CEC7F052A4}"
EndProject
Global
	GlobalSection(SolutionConfigurationPlatforms) = preSolution
		Debug|Any CPU = Debug|Any CPU
		Release|Any CPU = Release|Any CPU
	EndGlobalSection
	GlobalSection(ProjectConfigurationPlatforms) = postSolution
		{54E9DD83-4776-4CAD-9379-11CEC7F052A4}.Debug|Any CPU.ActiveCfg = Debug|Any CPU
		{54E9DD83-4776-4CAD-9379-11CEC7F052A4}.Debug|Any CPU.Build.0 = Debug|Any CPU
		{54E9DD83-4776-4CAD-9379-11CEC7F052A4}.Release|Any CPU.ActiveCfg = Release|Any CPU
		{54E9DD83-4776-4CAD-9379-11CEC7F052A4}.Release|Any CPU.Build.0 = Release|Any CPU
	EndGlobalSection
	GlobalSection(SolutionProperties) = preSolution
		HideSolutionNode = FALSE
	EndGlobalSection
	GlobalSection(ExtensibilityGlobals) = postSolution
		SolutionGuid = {BFF00B06-D0D3-4719-A91D-8696874787AF}
	EndGlobalSection
EndGlobal
